
Microsoft Visual Studio Solution File, Format Version 12.00
# Visual Studio 15
VisualStudioVersion = 15.0.27703.2026
MinimumVisualStudioVersion = 10.0.40219.1
Project("{FAE04EC0-301F-11D3-BF4B-00C04F79EFBC}") = "RegisterSystem", "RegisterSystem\RegisterSystem.csproj", "{6603395F-B162-41A3-BE1F-01334D76D285}"
EndProject
Project("{FAE04EC0-301F-11D3-BF4B-00C04F79EFBC}") = "DAL", "DAL\DAL.csproj", "{656B5CDD-E970-4892-9DB6-0B0736A963F9}"
EndProject
Project("{FAE04EC0-301F-11D3-BF4B-00C04F79EFBC}") = "BAL", "BAL\BAL.csproj", "{19526DE6-8EA7-4C86-A0A6-4CE756DF38B9}"
EndProject
Global
	GlobalSection(SolutionConfigurationPlatforms) = preSolution
		Debug|Any CPU = Debug|Any CPU
		Release|Any CPU = Release|Any CPU
	EndGlobalSection
	GlobalSection(ProjectConfigurationPlatforms) = postSolution
		{6603395F-B162-41A3-BE1F-01334D76D285}.Debug|Any CPU.ActiveCfg = Debug|Any CPU
		{6603395F-B162-41A3-BE1F-01334D76D285}.Debug|Any CPU.Build.0 = Debug|Any CPU
		{6603395F-B162-41A3-BE1F-01334D76D285}.Release|Any CPU.ActiveCfg = Release|Any CPU
		{6603395F-B162-41A3-BE1F-01334D76D285}.Release|Any CPU.Build.0 = Release|Any CPU
		{656B5CDD-E970-4892-9DB6-0B0736A963F9}.Debug|Any CPU.ActiveCfg = Debug|Any CPU
		{656B5CDD-E970-4892-9DB6-0B0736A963F9}.Debug|Any CPU.Build.0 = Debug|Any CPU
		{656B5CDD-E970-4892-9DB6-0B0736A963F9}.Release|Any CPU.ActiveCfg = Release|Any CPU
		{656B5CDD-E970-4892-9DB6-0B0736A963F9}.Release|Any CPU.Build.0 = Release|Any CPU
		{19526DE6-8EA7-4C86-A0A6-4CE756DF38B9}.Debug|Any CPU.ActiveCfg = Debug|Any CPU
		{19526DE6-8EA7-4C86-A0A6-4CE756DF38B9}.Debug|Any CPU.Build.0 = Debug|Any CPU
		{19526DE6-8EA7-4C86-A0A6-4CE756DF38B9}.Release|Any CPU.ActiveCfg = Release|Any CPU
		{19526DE6-8EA7-4C86-A0A6-4CE756DF38B9}.Release|Any CPU.Build.0 = Release|Any CPU
	EndGlobalSection
	GlobalSection(SolutionProperties) = preSolution
		HideSolutionNode = FALSE
	EndGlobalSection
	GlobalSection(ExtensibilityGlobals) = postSolution
		SolutionGuid = {71810EBF-9299-4050-9DDE-3B490EC37DF5}
	EndGlobalSection
EndGlobal
